// !$*UTF8*$!
{
	archiveVersion = 1;
	classes = {
	};
	objectVersion = 50;
	objects = {

/* Begin PBXBuildFile section */
		3D27B5332322019300B9F46D /* libc++.tbd in Frameworks */ = {isa = PBXBuildFile; fileRef = 3D27B5322322019300B9F46D /* libc++.tbd */; };
		3D27B5352322019900B9F46D /* libz.tbd in Frameworks */ = {isa = PBXBuildFile; fileRef = 3D27B5342322019900B9F46D /* libz.tbd */; };
		3D27B537232201A500B9F46D /* AudioToolbox.framework in Frameworks */ = {isa = PBXBuildFile; fileRef = 3D27B536232201A500B9F46D /* AudioToolbox.framework */; };
		3D27B539232201B000B9F46D /* UIKit.framework in Frameworks */ = {isa = PBXBuildFile; fileRef = 3D27B538232201B000B9F46D /* UIKit.framework */; };
		3D27B53B232201B800B9F46D /* CoreGraphics.framework in Frameworks */ = {isa = PBXBuildFile; fileRef = 3D27B53A232201B800B9F46D /* CoreGraphics.framework */; };
		3D27B53D232201C100B9F46D /* AVFoundation.framework in Frameworks */ = {isa = PBXBuildFile; fileRef = 3D27B53C232201C100B9F46D /* AVFoundation.framework */; };
		3D27B53F232201CA00B9F46D /* CoreMedia.framework in Frameworks */ = {isa = PBXBuildFile; fileRef = 3D27B53E232201CA00B9F46D /* CoreMedia.framework */; };
		3D27B541232201D300B9F46D /* MediaPlayer.framework in Frameworks */ = {isa = PBXBuildFile; fileRef = 3D27B540232201D300B9F46D /* MediaPlayer.framework */; };
		3D27B543232201DC00B9F46D /* MobileCoreServices.framework in Frameworks */ = {isa = PBXBuildFile; fileRef = 3D27B542232201DC00B9F46D /* MobileCoreServices.framework */; };
		3D27B545232201E500B9F46D /* OpenGLES.framework in Frameworks */ = {isa = PBXBuildFile; fileRef = 3D27B544232201E500B9F46D /* OpenGLES.framework */; };
		3D27B547232201EF00B9F46D /* QuartzCore.framework in Frameworks */ = {isa = PBXBuildFile; fileRef = 3D27B546232201EF00B9F46D /* QuartzCore.framework */; };
		3D27B549232201F800B9F46D /* VideoToolbox.framework in Frameworks */ = {isa = PBXBuildFile; fileRef = 3D27B548232201F800B9F46D /* VideoToolbox.framework */; };
		3D27B54E2322075A00B9F46D /* RootViewController.m in Sources */ = {isa = PBXBuildFile; fileRef = 3D27B54D2322075A00B9F46D /* RootViewController.m */; };
		3D2AFC58232B7AC9006F0958 /* UUButton.m in Sources */ = {isa = PBXBuildFile; fileRef = 3D2AFC57232B7AC9006F0958 /* UUButton.m */; };
		3D2AFC5B232B978A006F0958 /* DarwingManagerItemView.m in Sources */ = {isa = PBXBuildFile; fileRef = 3D2AFC5A232B978A006F0958 /* DarwingManagerItemView.m */; };
		3D2AFC5D232B97B7006F0958 /* DarwingManagerItemView.xib in Resources */ = {isa = PBXBuildFile; fileRef = 3D2AFC5C232B97B7006F0958 /* DarwingManagerItemView.xib */; };
		3D3006FF232E12090058D230 /* ScreeningViewController.m in Sources */ = {isa = PBXBuildFile; fileRef = 3D3006FD232E12090058D230 /* ScreeningViewController.m */; };
		3D300700232E12090058D230 /* ScreeningViewController.xib in Resources */ = {isa = PBXBuildFile; fileRef = 3D3006FE232E12090058D230 /* ScreeningViewController.xib */; };
		3D300703232E176F0058D230 /* Utils.m in Sources */ = {isa = PBXBuildFile; fileRef = 3D300702232E176F0058D230 /* Utils.m */; };
		3D339412233B16160022EB38 /* CocoaAsyncSocket.framework in Frameworks */ = {isa = PBXBuildFile; fileRef = 3D339411233B16160022EB38 /* CocoaAsyncSocket.framework */; };
		3D339416233B1BAE0022EB38 /* SocketManager.m in Sources */ = {isa = PBXBuildFile; fileRef = 3D339415233B1BAE0022EB38 /* SocketManager.m */; };
		3D6573F82334777D008E4902 /* RotateNavigationController.m in Sources */ = {isa = PBXBuildFile; fileRef = 3D6573F72334777D008E4902 /* RotateNavigationController.m */; };
		3D6573FF23347EE5008E4902 /* UUWebView.m in Sources */ = {isa = PBXBuildFile; fileRef = 3D6573FE23347EE5008E4902 /* UUWebView.m */; };
		3D7FDC10233B5324000295B8 /* CocoaAsyncSocket.framework in Frameworks */ = {isa = PBXBuildFile; fileRef = 3D339411233B16160022EB38 /* CocoaAsyncSocket.framework */; };
		3D7FDC11233B5324000295B8 /* CocoaAsyncSocket.framework in Embed Frameworks */ = {isa = PBXBuildFile; fileRef = 3D339411233B16160022EB38 /* CocoaAsyncSocket.framework */; settings = {ATTRIBUTES = (CodeSignOnCopy, RemoveHeadersOnCopy, ); }; };
		3D7FDC15233B7E65000295B8 /* UUCommStruct.cpp.m in Sources */ = {isa = PBXBuildFile; fileRef = 3D7FDC14233B7E65000295B8 /* UUCommStruct.cpp.m */; };
		3D96CCA2232FA91C003CB59F /* ReplayKit.framework in Frameworks */ = {isa = PBXBuildFile; fileRef = 3D96CCA1232FA91C003CB59F /* ReplayKit.framework */; };
		3D96CCA6232FA91C003CB59F /* SampleHandler.m in Sources */ = {isa = PBXBuildFile; fileRef = 3D96CCA5232FA91C003CB59F /* SampleHandler.m */; };
		3D96CCAD232FA91C003CB59F /* ReplayKit.framework in Frameworks */ = {isa = PBXBuildFile; fileRef = 3D96CCA1232FA91C003CB59F /* ReplayKit.framework */; };
		3D96CCAE232FA91C003CB59F /* UIKit.framework in Frameworks */ = {isa = PBXBuildFile; fileRef = 3D27B538232201B000B9F46D /* UIKit.framework */; };
		3D96CCB2232FA91C003CB59F /* BroadcastSetupViewController.m in Sources */ = {isa = PBXBuildFile; fileRef = 3D96CCB1232FA91C003CB59F /* BroadcastSetupViewController.m */; };
		3D96CCB6232FA91C003CB59F /* intelligentclassSetupSetupUI.appex in Embed App Extensions */ = {isa = PBXBuildFile; fileRef = 3D96CCAC232FA91C003CB59F /* intelligentclassSetupSetupUI.appex */; settings = {ATTRIBUTES = (RemoveHeadersOnCopy, ); }; };
		3D96CCB9232FA91C003CB59F /* intelligentclassSetup.appex in Embed App Extensions */ = {isa = PBXBuildFile; fileRef = 3D96CCA0232FA91C003CB59F /* intelligentclassSetup.appex */; settings = {ATTRIBUTES = (RemoveHeadersOnCopy, ); }; };
		3D9DEFCF2324B52900B652D6 /* sticker_resize@2x.png in Resources */ = {isa = PBXBuildFile; fileRef = 3D9DEFC22324B52900B652D6 /* sticker_resize@2x.png */; };
		3D9DEFD02324B52900B652D6 /* sticker_resize@3x.png in Resources */ = {isa = PBXBuildFile; fileRef = 3D9DEFC32324B52900B652D6 /* sticker_resize@3x.png */; };
		3D9DEFD12324B52900B652D6 /* sticker_resize.png in Resources */ = {isa = PBXBuildFile; fileRef = 3D9DEFC42324B52900B652D6 /* sticker_resize.png */; };
		3D9DEFD22324B52900B652D6 /* sticker_close.png in Resources */ = {isa = PBXBuildFile; fileRef = 3D9DEFC52324B52900B652D6 /* sticker_close.png */; };
		3D9DEFD32324B52900B652D6 /* sticker_close@3x.png in Resources */ = {isa = PBXBuildFile; fileRef = 3D9DEFC62324B52900B652D6 /* sticker_close@3x.png */; };
		3D9DEFD42324B52900B652D6 /* sticker_close@2x.png in Resources */ = {isa = PBXBuildFile; fileRef = 3D9DEFC72324B52900B652D6 /* sticker_close@2x.png */; };
		3D9DEFD52324B52900B652D6 /* ACEDrawingToolState.m in Sources */ = {isa = PBXBuildFile; fileRef = 3D9DEFC82324B52900B652D6 /* ACEDrawingToolState.m */; };
		3D9DEFD62324B52900B652D6 /* ACEDrawingLabelView.m in Sources */ = {isa = PBXBuildFile; fileRef = 3D9DEFCA2324B52900B652D6 /* ACEDrawingLabelView.m */; };
		3D9DEFD72324B52900B652D6 /* ACEDrawingTools.m in Sources */ = {isa = PBXBuildFile; fileRef = 3D9DEFCB2324B52900B652D6 /* ACEDrawingTools.m */; };
		3D9DEFD82324B52900B652D6 /* ACEDrawingView.m in Sources */ = {isa = PBXBuildFile; fileRef = 3D9DEFCD2324B52900B652D6 /* ACEDrawingView.m */; };
		3D9DEFDC2324B93200B652D6 /* DrawingViewController.m in Sources */ = {isa = PBXBuildFile; fileRef = 3D9DEFDA2324B93200B652D6 /* DrawingViewController.m */; };
		3D9DEFDD2324B93200B652D6 /* DrawingViewController.xib in Resources */ = {isa = PBXBuildFile; fileRef = 3D9DEFDB2324B93200B652D6 /* DrawingViewController.xib */; };
		3D9DEFE92324F48E00B652D6 /* DrawingManagerView.m in Sources */ = {isa = PBXBuildFile; fileRef = 3D9DEFE72324F48E00B652D6 /* DrawingManagerView.m */; };
		3DB444B7234F25EA006D0F32 /* ScreeningDetailViewController.m in Sources */ = {isa = PBXBuildFile; fileRef = 3DB444B5234F25EA006D0F32 /* ScreeningDetailViewController.m */; };
		3DB444B8234F25EA006D0F32 /* ScreeningDetailViewController.xib in Resources */ = {isa = PBXBuildFile; fileRef = 3DB444B6234F25EA006D0F32 /* ScreeningDetailViewController.xib */; };
		3DB91FD1232A33510095DA31 /* UIImage+Extensions.m in Sources */ = {isa = PBXBuildFile; fileRef = 3DB91FD0232A33510095DA31 /* UIImage+Extensions.m */; };
		3DB91FD4232A3CC70095DA31 /* ScanViewController.m in Sources */ = {isa = PBXBuildFile; fileRef = 3DB91FD3232A3CC70095DA31 /* ScanViewController.m */; };
		3DB91FD8232A3D110095DA31 /* CDZQRScanView.m in Sources */ = {isa = PBXBuildFile; fileRef = 3DB91FD6232A3D110095DA31 /* CDZQRScanView.m */; };
		3DB95EEC233C6ACC00DC8C34 /* MJPropertyType.m in Sources */ = {isa = PBXBuildFile; fileRef = 3DB95EDA233C6ACB00DC8C34 /* MJPropertyType.m */; };
		3DB95EED233C6ACC00DC8C34 /* NSObject+MJKeyValue.m in Sources */ = {isa = PBXBuildFile; fileRef = 3DB95EDD233C6ACB00DC8C34 /* NSObject+MJKeyValue.m */; };
		3DB95EEE233C6ACC00DC8C34 /* MJProperty.m in Sources */ = {isa = PBXBuildFile; fileRef = 3DB95EDE233C6ACB00DC8C34 /* MJProperty.m */; };
		3DB95EEF233C6ACC00DC8C34 /* NSObject+MJCoding.m in Sources */ = {isa = PBXBuildFile; fileRef = 3DB95EE0233C6ACB00DC8C34 /* NSObject+MJCoding.m */; };
		3DB95EF0233C6ACC00DC8C34 /* MJExtensionConst.m in Sources */ = {isa = PBXBuildFile; fileRef = 3DB95EE2233C6ACB00DC8C34 /* MJExtensionConst.m */; };
		3DB95EF1233C6ACC00DC8C34 /* NSObject+MJProperty.m in Sources */ = {isa = PBXBuildFile; fileRef = 3DB95EE3233C6ACB00DC8C34 /* NSObject+MJProperty.m */; };
		3DB95EF2233C6ACC00DC8C34 /* NSObject+MJClass.m in Sources */ = {isa = PBXBuildFile; fileRef = 3DB95EE5233C6ACB00DC8C34 /* NSObject+MJClass.m */; };
		3DB95EF3233C6ACC00DC8C34 /* NSString+MJExtension.m in Sources */ = {isa = PBXBuildFile; fileRef = 3DB95EE6233C6ACB00DC8C34 /* NSString+MJExtension.m */; };
		3DB95EF4233C6ACC00DC8C34 /* MJPropertyKey.m in Sources */ = {isa = PBXBuildFile; fileRef = 3DB95EE7233C6ACB00DC8C34 /* MJPropertyKey.m */; };
		3DB95EF5233C6ACC00DC8C34 /* MJFoundation.m in Sources */ = {isa = PBXBuildFile; fileRef = 3DB95EEB233C6ACB00DC8C34 /* MJFoundation.m */; };
		3DBA5D9224970E2A0077E48F /* SVIndefiniteAnimatedView.m in Sources */ = {isa = PBXBuildFile; fileRef = 3DBA5D8E24970E2A0077E48F /* SVIndefiniteAnimatedView.m */; };
		3DBA5D9324970E2A0077E48F /* SVProgressHUD.bundle in Resources */ = {isa = PBXBuildFile; fileRef = 3DBA5D8F24970E2A0077E48F /* SVProgressHUD.bundle */; };
		3DBA5D9424970E2A0077E48F /* SVProgressHUD.m in Sources */ = {isa = PBXBuildFile; fileRef = 3DBA5D9124970E2A0077E48F /* SVProgressHUD.m */; };
		3DDF1EB6232384FD00B56FBA /* WMDragView.m in Sources */ = {isa = PBXBuildFile; fileRef = 3DDF1EB4232384FD00B56FBA /* WMDragView.m */; };
		3DEB00902321285A00110D0B /* dist in Resources */ = {isa = PBXBuildFile; fileRef = 3DEB008F2321285A00110D0B /* dist */; };
		3DEBFFF0232121F300110D0B /* AppDelegate.m in Sources */ = {isa = PBXBuildFile; fileRef = 3DEBFFEF232121F300110D0B /* AppDelegate.m */; };
		3DEBFFF6232121F300110D0B /* Main.storyboard in Resources */ = {isa = PBXBuildFile; fileRef = 3DEBFFF4232121F300110D0B /* Main.storyboard */; };
		3DEBFFF8232121F500110D0B /* Assets.xcassets in Resources */ = {isa = PBXBuildFile; fileRef = 3DEBFFF7232121F500110D0B /* Assets.xcassets */; };
		3DEBFFFB232121F500110D0B /* LaunchScreen.storyboard in Resources */ = {isa = PBXBuildFile; fileRef = 3DEBFFF9232121F500110D0B /* LaunchScreen.storyboard */; };
		3DEBFFFE232121F500110D0B /* main.m in Sources */ = {isa = PBXBuildFile; fileRef = 3DEBFFFD232121F500110D0B /* main.m */; };
		3DEE10682351C87500B2D0FB /* slience.mp3 in Resources */ = {isa = PBXBuildFile; fileRef = 3DEE10672351C87500B2D0FB /* slience.mp3 */; };
		3DEE10692351D64D00B2D0FB /* CocoaAsyncSocket.framework in Frameworks */ = {isa = PBXBuildFile; fileRef = 3D339411233B16160022EB38 /* CocoaAsyncSocket.framework */; };
		3DEE10702351DD7B00B2D0FB /* H264Encoder.m in Sources */ = {isa = PBXBuildFile; fileRef = 3DEE106F2351DD7B00B2D0FB /* H264Encoder.m */; };
		3DEF3E602335E22F00612376 /* MobileVLCKit.framework in Frameworks */ = {isa = PBXBuildFile; fileRef = 3DEF3E5F2335E22F00612376 /* MobileVLCKit.framework */; };
		3DEF3E622335E29200612376 /* CoreAudio.framework in Frameworks */ = {isa = PBXBuildFile; fileRef = 3DEF3E612335E29200612376 /* CoreAudio.framework */; };
		3DEF3E682335E33700612376 /* libiconv.tbd in Frameworks */ = {isa = PBXBuildFile; fileRef = 3DEF3E672335E33700612376 /* libiconv.tbd */; };
		3DEF3E6A2335E35400612376 /* libbz2.tbd in Frameworks */ = {isa = PBXBuildFile; fileRef = 3DEF3E692335E35400612376 /* libbz2.tbd */; };
		3DEF3E6E2335F93300612376 /* VLCMediaPlayerViewController.m in Sources */ = {isa = PBXBuildFile; fileRef = 3DEF3E6C2335F93300612376 /* VLCMediaPlayerViewController.m */; };
		3DEF3E6F2335F93300612376 /* VLCMediaPlayerViewController.xib in Resources */ = {isa = PBXBuildFile; fileRef = 3DEF3E6D2335F93300612376 /* VLCMediaPlayerViewController.xib */; };
/* End PBXBuildFile section */

/* Begin PBXContainerItemProxy section */
		3D96CCB4232FA91C003CB59F /* PBXContainerItemProxy */ = {
			isa = PBXContainerItemProxy;
			containerPortal = 3DEBFFE3232121F300110D0B /* Project object */;
			proxyType = 1;
			remoteGlobalIDString = 3D96CCAB232FA91C003CB59F;
			remoteInfo = intelligentclassSetupSetupUI;
		};
		3D96CCB7232FA91C003CB59F /* PBXContainerItemProxy */ = {
			isa = PBXContainerItemProxy;
			containerPortal = 3DEBFFE3232121F300110D0B /* Project object */;
			proxyType = 1;
			remoteGlobalIDString = 3D96CC9F232FA91C003CB59F;
			remoteInfo = intelligentclassSetup;
		};
/* End PBXContainerItemProxy section */

/* Begin PBXCopyFilesBuildPhase section */
		3D7FDC12233B5324000295B8 /* Embed Frameworks */ = {
			isa = PBXCopyFilesBuildPhase;
			buildActionMask = 2147483647;
			dstPath = "";
			dstSubfolderSpec = 10;
			files = (
				3D7FDC11233B5324000295B8 /* CocoaAsyncSocket.framework in Embed Frameworks */,
			);
			name = "Embed Frameworks";
			runOnlyForDeploymentPostprocessing = 0;
		};
		3D96CCC0232FA91C003CB59F /* Embed App Extensions */ = {
			isa = PBXCopyFilesBuildPhase;
			buildActionMask = 2147483647;
			dstPath = "";
			dstSubfolderSpec = 13;
			files = (
				3D96CCB6232FA91C003CB59F /* intelligentclassSetupSetupUI.appex in Embed App Extensions */,
				3D96CCB9232FA91C003CB59F /* intelligentclassSetup.appex in Embed App Extensions */,
			);
			name = "Embed App Extensions";
			runOnlyForDeploymentPostprocessing = 0;
		};
/* End PBXCopyFilesBuildPhase section */

/* Begin PBXFileReference section */
		3D27B5322322019300B9F46D /* libc++.tbd */ = {isa = PBXFileReference; lastKnownFileType = "sourcecode.text-based-dylib-definition"; name = "libc++.tbd"; path = "usr/lib/libc++.tbd"; sourceTree = SDKROOT; };
		3D27B5342322019900B9F46D /* libz.tbd */ = {isa = PBXFileReference; lastKnownFileType = "sourcecode.text-based-dylib-definition"; name = libz.tbd; path = usr/lib/libz.tbd; sourceTree = SDKROOT; };
		3D27B536232201A500B9F46D /* AudioToolbox.framework */ = {isa = PBXFileReference; lastKnownFileType = wrapper.framework; name = AudioToolbox.framework; path = System/Library/Frameworks/AudioToolbox.framework; sourceTree = SDKROOT; };
		3D27B538232201B000B9F46D /* UIKit.framework */ = {isa = PBXFileReference; lastKnownFileType = wrapper.framework; name = UIKit.framework; path = System/Library/Frameworks/UIKit.framework; sourceTree = SDKROOT; };
		3D27B53A232201B800B9F46D /* CoreGraphics.framework */ = {isa = PBXFileReference; lastKnownFileType = wrapper.framework; name = CoreGraphics.framework; path = System/Library/Frameworks/CoreGraphics.framework; sourceTree = SDKROOT; };
		3D27B53C232201C100B9F46D /* AVFoundation.framework */ = {isa = PBXFileReference; lastKnownFileType = wrapper.framework; name = AVFoundation.framework; path = System/Library/Frameworks/AVFoundation.framework; sourceTree = SDKROOT; };
		3D27B53E232201CA00B9F46D /* CoreMedia.framework */ = {isa = PBXFileReference; lastKnownFileType = wrapper.framework; name = CoreMedia.framework; path = System/Library/Frameworks/CoreMedia.framework; sourceTree = SDKROOT; };
		3D27B540232201D300B9F46D /* MediaPlayer.framework */ = {isa = PBXFileReference; lastKnownFileType = wrapper.framework; name = MediaPlayer.framework; path = System/Library/Frameworks/MediaPlayer.framework; sourceTree = SDKROOT; };
		3D27B542232201DC00B9F46D /* MobileCoreServices.framework */ = {isa = PBXFileReference; lastKnownFileType = wrapper.framework; name = MobileCoreServices.framework; path = System/Library/Frameworks/MobileCoreServices.framework; sourceTree = SDKROOT; };
		3D27B544232201E500B9F46D /* OpenGLES.framework */ = {isa = PBXFileReference; lastKnownFileType = wrapper.framework; name = OpenGLES.framework; path = System/Library/Frameworks/OpenGLES.framework; sourceTree = SDKROOT; };
		3D27B546232201EF00B9F46D /* QuartzCore.framework */ = {isa = PBXFileReference; lastKnownFileType = wrapper.framework; name = QuartzCore.framework; path = System/Library/Frameworks/QuartzCore.framework; sourceTree = SDKROOT; };
		3D27B548232201F800B9F46D /* VideoToolbox.framework */ = {isa = PBXFileReference; lastKnownFileType = wrapper.framework; name = VideoToolbox.framework; path = System/Library/Frameworks/VideoToolbox.framework; sourceTree = SDKROOT; };
		3D27B54C2322075A00B9F46D /* RootViewController.h */ = {isa = PBXFileReference; lastKnownFileType = sourcecode.c.h; path = RootViewController.h; sourceTree = "<group>"; };
		3D27B54D2322075A00B9F46D /* RootViewController.m */ = {isa = PBXFileReference; lastKnownFileType = sourcecode.c.objc; path = RootViewController.m; sourceTree = "<group>"; };
		3D2AFC56232B7AC9006F0958 /* UUButton.h */ = {isa = PBXFileReference; lastKnownFileType = sourcecode.c.h; path = UUButton.h; sourceTree = "<group>"; };
		3D2AFC57232B7AC9006F0958 /* UUButton.m */ = {isa = PBXFileReference; lastKnownFileType = sourcecode.c.objc; path = UUButton.m; sourceTree = "<group>"; };
		3D2AFC59232B978A006F0958 /* DarwingManagerItemView.h */ = {isa = PBXFileReference; lastKnownFileType = sourcecode.c.h; path = DarwingManagerItemView.h; sourceTree = "<group>"; };
		3D2AFC5A232B978A006F0958 /* DarwingManagerItemView.m */ = {isa = PBXFileReference; lastKnownFileType = sourcecode.c.objc; path = DarwingManagerItemView.m; sourceTree = "<group>"; };
		3D2AFC5C232B97B7006F0958 /* DarwingManagerItemView.xib */ = {isa = PBXFileReference; lastKnownFileType = file.xib; path = DarwingManagerItemView.xib; sourceTree = "<group>"; };
		3D3006FC232E12090058D230 /* ScreeningViewController.h */ = {isa = PBXFileReference; lastKnownFileType = sourcecode.c.h; path = ScreeningViewController.h; sourceTree = "<group>"; };
		3D3006FD232E12090058D230 /* ScreeningViewController.m */ = {isa = PBXFileReference; lastKnownFileType = sourcecode.c.objc; path = ScreeningViewController.m; sourceTree = "<group>"; };
		3D3006FE232E12090058D230 /* ScreeningViewController.xib */ = {isa = PBXFileReference; lastKnownFileType = file.xib; path = ScreeningViewController.xib; sourceTree = "<group>"; };
		3D300701232E176F0058D230 /* Utils.h */ = {isa = PBXFileReference; lastKnownFileType = sourcecode.c.h; path = Utils.h; sourceTree = "<group>"; };
		3D300702232E176F0058D230 /* Utils.m */ = {isa = PBXFileReference; lastKnownFileType = sourcecode.c.objc; path = Utils.m; sourceTree = "<group>"; };
		3D339411233B16160022EB38 /* CocoaAsyncSocket.framework */ = {isa = PBXFileReference; lastKnownFileType = wrapper.framework; path = CocoaAsyncSocket.framework; sourceTree = "<group>"; };
		3D339414233B1BAE0022EB38 /* SocketManager.h */ = {isa = PBXFileReference; lastKnownFileType = sourcecode.c.h; path = SocketManager.h; sourceTree = "<group>"; };
		3D339415233B1BAE0022EB38 /* SocketManager.m */ = {isa = PBXFileReference; lastKnownFileType = sourcecode.c.objc; path = SocketManager.m; sourceTree = "<group>"; };
		3D6573F62334777D008E4902 /* RotateNavigationController.h */ = {isa = PBXFileReference; lastKnownFileType = sourcecode.c.h; path = RotateNavigationController.h; sourceTree = "<group>"; };
		3D6573F72334777D008E4902 /* RotateNavigationController.m */ = {isa = PBXFileReference; lastKnownFileType = sourcecode.c.objc; path = RotateNavigationController.m; sourceTree = "<group>"; };
		3D6573FD23347EE5008E4902 /* UUWebView.h */ = {isa = PBXFileReference; lastKnownFileType = sourcecode.c.h; path = UUWebView.h; sourceTree = "<group>"; };
		3D6573FE23347EE5008E4902 /* UUWebView.m */ = {isa = PBXFileReference; lastKnownFileType = sourcecode.c.objc; path = UUWebView.m; sourceTree = "<group>"; };
		3D7FDC13233B7E65000295B8 /* UUCommStruct.h.h */ = {isa = PBXFileReference; lastKnownFileType = sourcecode.c.h; path = UUCommStruct.h.h; sourceTree = "<group>"; };
		3D7FDC14233B7E65000295B8 /* UUCommStruct.cpp.m */ = {isa = PBXFileReference; lastKnownFileType = sourcecode.c.objc; path = UUCommStruct.cpp.m; sourceTree = "<group>"; };
		3D96CCA0232FA91C003CB59F /* intelligentclassSetup.appex */ = {isa = PBXFileReference; explicitFileType = "wrapper.app-extension"; includeInIndex = 0; path = intelligentclassSetup.appex; sourceTree = BUILT_PRODUCTS_DIR; };
		3D96CCA1232FA91C003CB59F /* ReplayKit.framework */ = {isa = PBXFileReference; lastKnownFileType = wrapper.framework; name = ReplayKit.framework; path = System/Library/Frameworks/ReplayKit.framework; sourceTree = SDKROOT; };
		3D96CCA4232FA91C003CB59F /* SampleHandler.h */ = {isa = PBXFileReference; lastKnownFileType = sourcecode.c.h; path = SampleHandler.h; sourceTree = "<group>"; };
		3D96CCA5232FA91C003CB59F /* SampleHandler.m */ = {isa = PBXFileReference; lastKnownFileType = sourcecode.c.objc; path = SampleHandler.m; sourceTree = "<group>"; };
		3D96CCA7232FA91C003CB59F /* Info.plist */ = {isa = PBXFileReference; lastKnownFileType = text.plist.xml; path = Info.plist; sourceTree = "<group>"; };
		3D96CCAC232FA91C003CB59F /* intelligentclassSetupSetupUI.appex */ = {isa = PBXFileReference; explicitFileType = "wrapper.app-extension"; includeInIndex = 0; path = intelligentclassSetupSetupUI.appex; sourceTree = BUILT_PRODUCTS_DIR; };
		3D96CCB0232FA91C003CB59F /* BroadcastSetupViewController.h */ = {isa = PBXFileReference; lastKnownFileType = sourcecode.c.h; path = BroadcastSetupViewController.h; sourceTree = "<group>"; };
		3D96CCB1232FA91C003CB59F /* BroadcastSetupViewController.m */ = {isa = PBXFileReference; lastKnownFileType = sourcecode.c.objc; path = BroadcastSetupViewController.m; sourceTree = "<group>"; };
		3D96CCB3232FA91C003CB59F /* Info.plist */ = {isa = PBXFileReference; lastKnownFileType = text.plist.xml; path = Info.plist; sourceTree = "<group>"; };
		3D9DEFC02324B52900B652D6 /* ACEDrawingTools.h */ = {isa = PBXFileReference; fileEncoding = 4; lastKnownFileType = sourcecode.c.h; path = ACEDrawingTools.h; sourceTree = "<group>"; };
		3D9DEFC22324B52900B652D6 /* sticker_resize@2x.png */ = {isa = PBXFileReference; lastKnownFileType = image.png; path = "sticker_resize@2x.png"; sourceTree = "<group>"; };
		3D9DEFC32324B52900B652D6 /* sticker_resize@3x.png */ = {isa = PBXFileReference; lastKnownFileType = image.png; path = "sticker_resize@3x.png"; sourceTree = "<group>"; };
		3D9DEFC42324B52900B652D6 /* sticker_resize.png */ = {isa = PBXFileReference; lastKnownFileType = image.png; path = sticker_resize.png; sourceTree = "<group>"; };
		3D9DEFC52324B52900B652D6 /* sticker_close.png */ = {isa = PBXFileReference; lastKnownFileType = image.png; path = sticker_close.png; sourceTree = "<group>"; };
		3D9DEFC62324B52900B652D6 /* sticker_close@3x.png */ = {isa = PBXFileReference; lastKnownFileType = image.png; path = "sticker_close@3x.png"; sourceTree = "<group>"; };
		3D9DEFC72324B52900B652D6 /* sticker_close@2x.png */ = {isa = PBXFileReference; lastKnownFileType = image.png; path = "sticker_close@2x.png"; sourceTree = "<group>"; };
		3D9DEFC82324B52900B652D6 /* ACEDrawingToolState.m */ = {isa = PBXFileReference; fileEncoding = 4; lastKnownFileType = sourcecode.c.objc; path = ACEDrawingToolState.m; sourceTree = "<group>"; };
		3D9DEFC92324B52900B652D6 /* ACEDrawingView.h */ = {isa = PBXFileReference; fileEncoding = 4; lastKnownFileType = sourcecode.c.h; path = ACEDrawingView.h; sourceTree = "<group>"; };
		3D9DEFCA2324B52900B652D6 /* ACEDrawingLabelView.m */ = {isa = PBXFileReference; fileEncoding = 4; lastKnownFileType = sourcecode.c.objc; path = ACEDrawingLabelView.m; sourceTree = "<group>"; };
		3D9DEFCB2324B52900B652D6 /* ACEDrawingTools.m */ = {isa = PBXFileReference; fileEncoding = 4; lastKnownFileType = sourcecode.c.objc; path = ACEDrawingTools.m; sourceTree = "<group>"; };
		3D9DEFCC2324B52900B652D6 /* ACEDrawingToolState.h */ = {isa = PBXFileReference; fileEncoding = 4; lastKnownFileType = sourcecode.c.h; path = ACEDrawingToolState.h; sourceTree = "<group>"; };
		3D9DEFCD2324B52900B652D6 /* ACEDrawingView.m */ = {isa = PBXFileReference; fileEncoding = 4; lastKnownFileType = sourcecode.c.objc; path = ACEDrawingView.m; sourceTree = "<group>"; };
		3D9DEFCE2324B52900B652D6 /* ACEDrawingLabelView.h */ = {isa = PBXFileReference; fileEncoding = 4; lastKnownFileType = sourcecode.c.h; path = ACEDrawingLabelView.h; sourceTree = "<group>"; };
		3D9DEFD92324B93200B652D6 /* DrawingViewController.h */ = {isa = PBXFileReference; lastKnownFileType = sourcecode.c.h; path = DrawingViewController.h; sourceTree = "<group>"; };
		3D9DEFDA2324B93200B652D6 /* DrawingViewController.m */ = {isa = PBXFileReference; lastKnownFileType = sourcecode.c.objc; path = DrawingViewController.m; sourceTree = "<group>"; };
		3D9DEFDB2324B93200B652D6 /* DrawingViewController.xib */ = {isa = PBXFileReference; lastKnownFileType = file.xib; path = DrawingViewController.xib; sourceTree = "<group>"; };
		3D9DEFE72324F48E00B652D6 /* DrawingManagerView.m */ = {isa = PBXFileReference; fileEncoding = 4; lastKnownFileType = sourcecode.c.objc; path = DrawingManagerView.m; sourceTree = "<group>"; };
		3D9DEFE82324F48E00B652D6 /* DrawingManagerView.h */ = {isa = PBXFileReference; fileEncoding = 4; lastKnownFileType = sourcecode.c.h; path = DrawingManagerView.h; sourceTree = "<group>"; };
		3DA6518E235D58A200EFC8EB /* CFNetwork.framework */ = {isa = PBXFileReference; lastKnownFileType = wrapper.framework; name = CFNetwork.framework; path = System/Library/Frameworks/CFNetwork.framework; sourceTree = SDKROOT; };
		3DA65190235D58A700EFC8EB /* Security.framework */ = {isa = PBXFileReference; lastKnownFileType = wrapper.framework; name = Security.framework; path = System/Library/Frameworks/Security.framework; sourceTree = SDKROOT; };
		3DB444B4234F25EA006D0F32 /* ScreeningDetailViewController.h */ = {isa = PBXFileReference; lastKnownFileType = sourcecode.c.h; path = ScreeningDetailViewController.h; sourceTree = "<group>"; };
		3DB444B5234F25EA006D0F32 /* ScreeningDetailViewController.m */ = {isa = PBXFileReference; lastKnownFileType = sourcecode.c.objc; path = ScreeningDetailViewController.m; sourceTree = "<group>"; };
		3DB444B6234F25EA006D0F32 /* ScreeningDetailViewController.xib */ = {isa = PBXFileReference; lastKnownFileType = file.xib; path = ScreeningDetailViewController.xib; sourceTree = "<group>"; };
		3DB91FCF232A33510095DA31 /* UIImage+Extensions.h */ = {isa = PBXFileReference; lastKnownFileType = sourcecode.c.h; path = "UIImage+Extensions.h"; sourceTree = "<group>"; };
		3DB91FD0232A33510095DA31 /* UIImage+Extensions.m */ = {isa = PBXFileReference; lastKnownFileType = sourcecode.c.objc; path = "UIImage+Extensions.m"; sourceTree = "<group>"; };
		3DB91FD2232A3CC70095DA31 /* ScanViewController.h */ = {isa = PBXFileReference; lastKnownFileType = sourcecode.c.h; path = ScanViewController.h; sourceTree = "<group>"; };
		3DB91FD3232A3CC70095DA31 /* ScanViewController.m */ = {isa = PBXFileReference; lastKnownFileType = sourcecode.c.objc; path = ScanViewController.m; sourceTree = "<group>"; };
		3DB91FD6232A3D110095DA31 /* CDZQRScanView.m */ = {isa = PBXFileReference; fileEncoding = 4; lastKnownFileType = sourcecode.c.objc; path = CDZQRScanView.m; sourceTree = "<group>"; };
		3DB91FD7232A3D110095DA31 /* CDZQRScanView.h */ = {isa = PBXFileReference; fileEncoding = 4; lastKnownFileType = sourcecode.c.h; path = CDZQRScanView.h; sourceTree = "<group>"; };
		3DB95ED7233C6ACB00DC8C34 /* MJPropertyKey.h */ = {isa = PBXFileReference; fileEncoding = 4; lastKnownFileType = sourcecode.c.h; path = MJPropertyKey.h; sourceTree = "<group>"; };
		3DB95ED8233C6ACB00DC8C34 /* NSObject+MJClass.h */ = {isa = PBXFileReference; fileEncoding = 4; lastKnownFileType = sourcecode.c.h; path = "NSObject+MJClass.h"; sourceTree = "<group>"; };
		3DB95ED9233C6ACB00DC8C34 /* NSString+MJExtension.h */ = {isa = PBXFileReference; fileEncoding = 4; lastKnownFileType = sourcecode.c.h; path = "NSString+MJExtension.h"; sourceTree = "<group>"; };
		3DB95EDA233C6ACB00DC8C34 /* MJPropertyType.m */ = {isa = PBXFileReference; fileEncoding = 4; lastKnownFileType = sourcecode.c.objc; path = MJPropertyType.m; sourceTree = "<group>"; };
		3DB95EDB233C6ACB00DC8C34 /* NSObject+MJProperty.h */ = {isa = PBXFileReference; fileEncoding = 4; lastKnownFileType = sourcecode.c.h; path = "NSObject+MJProperty.h"; sourceTree = "<group>"; };
		3DB95EDC233C6ACB00DC8C34 /* MJExtensionConst.h */ = {isa = PBXFileReference; fileEncoding = 4; lastKnownFileType = sourcecode.c.h; path = MJExtensionConst.h; sourceTree = "<group>"; };
		3DB95EDD233C6ACB00DC8C34 /* NSObject+MJKeyValue.m */ = {isa = PBXFileReference; fileEncoding = 4; lastKnownFileType = sourcecode.c.objc; path = "NSObject+MJKeyValue.m"; sourceTree = "<group>"; };
		3DB95EDE233C6ACB00DC8C34 /* MJProperty.m */ = {isa = PBXFileReference; fileEncoding = 4; lastKnownFileType = sourcecode.c.objc; path = MJProperty.m; sourceTree = "<group>"; };
		3DB95EDF233C6ACB00DC8C34 /* MJFoundation.h */ = {isa = PBXFileReference; fileEncoding = 4; lastKnownFileType = sourcecode.c.h; path = MJFoundation.h; sourceTree = "<group>"; };
		3DB95EE0233C6ACB00DC8C34 /* NSObject+MJCoding.m */ = {isa = PBXFileReference; fileEncoding = 4; lastKnownFileType = sourcecode.c.objc; path = "NSObject+MJCoding.m"; sourceTree = "<group>"; };
		3DB95EE1233C6ACB00DC8C34 /* MJExtension.h */ = {isa = PBXFileReference; fileEncoding = 4; lastKnownFileType = sourcecode.c.h; path = MJExtension.h; sourceTree = "<group>"; };
		3DB95EE2233C6ACB00DC8C34 /* MJExtensionConst.m */ = {isa = PBXFileReference; fileEncoding = 4; lastKnownFileType = sourcecode.c.objc; path = MJExtensionConst.m; sourceTree = "<group>"; };
		3DB95EE3233C6ACB00DC8C34 /* NSObject+MJProperty.m */ = {isa = PBXFileReference; fileEncoding = 4; lastKnownFileType = sourcecode.c.objc; path = "NSObject+MJProperty.m"; sourceTree = "<group>"; };
		3DB95EE4233C6ACB00DC8C34 /* MJPropertyType.h */ = {isa = PBXFileReference; fileEncoding = 4; lastKnownFileType = sourcecode.c.h; path = MJPropertyType.h; sourceTree = "<group>"; };
		3DB95EE5233C6ACB00DC8C34 /* NSObject+MJClass.m */ = {isa = PBXFileReference; fileEncoding = 4; lastKnownFileType = sourcecode.c.objc; path = "NSObject+MJClass.m"; sourceTree = "<group>"; };
		3DB95EE6233C6ACB00DC8C34 /* NSString+MJExtension.m */ = {isa = PBXFileReference; fileEncoding = 4; lastKnownFileType = sourcecode.c.objc; path = "NSString+MJExtension.m"; sourceTree = "<group>"; };
		3DB95EE7233C6ACB00DC8C34 /* MJPropertyKey.m */ = {isa = PBXFileReference; fileEncoding = 4; lastKnownFileType = sourcecode.c.objc; path = MJPropertyKey.m; sourceTree = "<group>"; };
		3DB95EE8233C6ACB00DC8C34 /* MJProperty.h */ = {isa = PBXFileReference; fileEncoding = 4; lastKnownFileType = sourcecode.c.h; path = MJProperty.h; sourceTree = "<group>"; };
		3DB95EE9233C6ACB00DC8C34 /* NSObject+MJKeyValue.h */ = {isa = PBXFileReference; fileEncoding = 4; lastKnownFileType = sourcecode.c.h; path = "NSObject+MJKeyValue.h"; sourceTree = "<group>"; };
		3DB95EEA233C6ACB00DC8C34 /* NSObject+MJCoding.h */ = {isa = PBXFileReference; fileEncoding = 4; lastKnownFileType = sourcecode.c.h; path = "NSObject+MJCoding.h"; sourceTree = "<group>"; };
		3DB95EEB233C6ACB00DC8C34 /* MJFoundation.m */ = {isa = PBXFileReference; fileEncoding = 4; lastKnownFileType = sourcecode.c.objc; path = MJFoundation.m; sourceTree = "<group>"; };
		3DBA5D8D24970E2A0077E48F /* SVIndefiniteAnimatedView.h */ = {isa = PBXFileReference; fileEncoding = 4; lastKnownFileType = sourcecode.c.h; path = SVIndefiniteAnimatedView.h; sourceTree = "<group>"; };
		3DBA5D8E24970E2A0077E48F /* SVIndefiniteAnimatedView.m */ = {isa = PBXFileReference; fileEncoding = 4; lastKnownFileType = sourcecode.c.objc; path = SVIndefiniteAnimatedView.m; sourceTree = "<group>"; };
		3DBA5D8F24970E2A0077E48F /* SVProgressHUD.bundle */ = {isa = PBXFileReference; lastKnownFileType = "wrapper.plug-in"; path = SVProgressHUD.bundle; sourceTree = "<group>"; };
		3DBA5D9024970E2A0077E48F /* SVProgressHUD.h */ = {isa = PBXFileReference; fileEncoding = 4; lastKnownFileType = sourcecode.c.h; path = SVProgressHUD.h; sourceTree = "<group>"; };
		3DBA5D9124970E2A0077E48F /* SVProgressHUD.m */ = {isa = PBXFileReference; fileEncoding = 4; lastKnownFileType = sourcecode.c.objc; path = SVProgressHUD.m; sourceTree = "<group>"; };
		3DDF1EB4232384FD00B56FBA /* WMDragView.m */ = {isa = PBXFileReference; fileEncoding = 4; lastKnownFileType = sourcecode.c.objc; path = WMDragView.m; sourceTree = "<group>"; };
		3DDF1EB5232384FD00B56FBA /* WMDragView.h */ = {isa = PBXFileReference; fileEncoding = 4; lastKnownFileType = sourcecode.c.h; path = WMDragView.h; sourceTree = "<group>"; };
		3DEB008F2321285A00110D0B /* dist */ = {isa = PBXFileReference; lastKnownFileType = folder; path = dist; sourceTree = "<group>"; };
		3DEBFFEB232121F300110D0B /* intelligentclass.app */ = {isa = PBXFileReference; explicitFileType = wrapper.application; includeInIndex = 0; path = intelligentclass.app; sourceTree = BUILT_PRODUCTS_DIR; };
		3DEBFFEE232121F300110D0B /* AppDelegate.h */ = {isa = PBXFileReference; lastKnownFileType = sourcecode.c.h; path = AppDelegate.h; sourceTree = "<group>"; };
		3DEBFFEF232121F300110D0B /* AppDelegate.m */ = {isa = PBXFileReference; lastKnownFileType = sourcecode.c.objc; path = AppDelegate.m; sourceTree = "<group>"; };
		3DEBFFF5232121F300110D0B /* Base */ = {isa = PBXFileReference; lastKnownFileType = file.storyboard; name = Base; path = Base.lproj/Main.storyboard; sourceTree = "<group>"; };
		3DEBFFF7232121F500110D0B /* Assets.xcassets */ = {isa = PBXFileReference; lastKnownFileType = folder.assetcatalog; path = Assets.xcassets; sourceTree = "<group>"; };
		3DEBFFFA232121F500110D0B /* Base */ = {isa = PBXFileReference; lastKnownFileType = file.storyboard; name = Base; path = Base.lproj/LaunchScreen.storyboard; sourceTree = "<group>"; };
		3DEBFFFC232121F500110D0B /* Info.plist */ = {isa = PBXFileReference; lastKnownFileType = text.plist.xml; path = Info.plist; sourceTree = "<group>"; };
		3DEBFFFD232121F500110D0B /* main.m */ = {isa = PBXFileReference; lastKnownFileType = sourcecode.c.objc; path = main.m; sourceTree = "<group>"; };
		3DEE10672351C87500B2D0FB /* slience.mp3 */ = {isa = PBXFileReference; lastKnownFileType = audio.mp3; path = slience.mp3; sourceTree = "<group>"; };
		3DEE106E2351DD7B00B2D0FB /* H264Encoder.h */ = {isa = PBXFileReference; lastKnownFileType = sourcecode.c.h; path = H264Encoder.h; sourceTree = "<group>"; };
		3DEE106F2351DD7B00B2D0FB /* H264Encoder.m */ = {isa = PBXFileReference; lastKnownFileType = sourcecode.c.objc; path = H264Encoder.m; sourceTree = "<group>"; };
		3DEF3E5F2335E22F00612376 /* MobileVLCKit.framework */ = {isa = PBXFileReference; lastKnownFileType = wrapper.framework; path = MobileVLCKit.framework; sourceTree = "<group>"; };
		3DEF3E612335E29200612376 /* CoreAudio.framework */ = {isa = PBXFileReference; lastKnownFileType = wrapper.framework; name = CoreAudio.framework; path = System/Library/Frameworks/CoreAudio.framework; sourceTree = SDKROOT; };
		3DEF3E632335E31A00612376 /* libiconv.2.tbd */ = {isa = PBXFileReference; lastKnownFileType = "sourcecode.text-based-dylib-definition"; name = libiconv.2.tbd; path = usr/lib/libiconv.2.tbd; sourceTree = SDKROOT; };
		3DEF3E652335E32500612376 /* libc++.1.tbd */ = {isa = PBXFileReference; lastKnownFileType = "sourcecode.text-based-dylib-definition"; name = "libc++.1.tbd"; path = "usr/lib/libc++.1.tbd"; sourceTree = SDKROOT; };
		3DEF3E672335E33700612376 /* libiconv.tbd */ = {isa = PBXFileReference; lastKnownFileType = "sourcecode.text-based-dylib-definition"; name = libiconv.tbd; path = usr/lib/libiconv.tbd; sourceTree = SDKROOT; };
		3DEF3E692335E35400612376 /* libbz2.tbd */ = {isa = PBXFileReference; lastKnownFileType = "sourcecode.text-based-dylib-definition"; name = libbz2.tbd; path = usr/lib/libbz2.tbd; sourceTree = SDKROOT; };
		3DEF3E6B2335F93300612376 /* VLCMediaPlayerViewController.h */ = {isa = PBXFileReference; lastKnownFileType = sourcecode.c.h; path = VLCMediaPlayerViewController.h; sourceTree = "<group>"; };
		3DEF3E6C2335F93300612376 /* VLCMediaPlayerViewController.m */ = {isa = PBXFileReference; lastKnownFileType = sourcecode.c.objc; path = VLCMediaPlayerViewController.m; sourceTree = "<group>"; };
		3DEF3E6D2335F93300612376 /* VLCMediaPlayerViewController.xib */ = {isa = PBXFileReference; lastKnownFileType = file.xib; path = VLCMediaPlayerViewController.xib; sourceTree = "<group>"; };
/* End PBXFileReference section */

/* Begin PBXFrameworksBuildPhase section */
		3D96CC9D232FA91C003CB59F /* Frameworks */ = {
			isa = PBXFrameworksBuildPhase;
			buildActionMask = 2147483647;
			files = (
				3DEE10692351D64D00B2D0FB /* CocoaAsyncSocket.framework in Frameworks */,
				3D96CCA2232FA91C003CB59F /* ReplayKit.framework in Frameworks */,
			);
			runOnlyForDeploymentPostprocessing = 0;
		};
		3D96CCA9232FA91C003CB59F /* Frameworks */ = {
			isa = PBXFrameworksBuildPhase;
			buildActionMask = 2147483647;
			files = (
				3D96CCAD232FA91C003CB59F /* ReplayKit.framework in Frameworks */,
				3D96CCAE232FA91C003CB59F /* UIKit.framework in Frameworks */,
			);
			runOnlyForDeploymentPostprocessing = 0;
		};
		3DEBFFE8232121F300110D0B /* Frameworks */ = {
			isa = PBXFrameworksBuildPhase;
			buildActionMask = 2147483647;
			files = (
				3D7FDC10233B5324000295B8 /* CocoaAsyncSocket.framework in Frameworks */,
				3DEF3E6A2335E35400612376 /* libbz2.tbd in Frameworks */,
				3D27B5352322019900B9F46D /* libz.tbd in Frameworks */,
				3D27B5332322019300B9F46D /* libc++.tbd in Frameworks */,
				3DEF3E682335E33700612376 /* libiconv.tbd in Frameworks */,
				3D27B541232201D300B9F46D /* MediaPlayer.framework in Frameworks */,
				3D27B53D232201C100B9F46D /* AVFoundation.framework in Frameworks */,
				3DEF3E622335E29200612376 /* CoreAudio.framework in Frameworks */,
				3D27B537232201A500B9F46D /* AudioToolbox.framework in Frameworks */,
				3D27B53F232201CA00B9F46D /* CoreMedia.framework in Frameworks */,
				3D27B549232201F800B9F46D /* VideoToolbox.framework in Frameworks */,
				3DEF3E602335E22F00612376 /* MobileVLCKit.framework in Frameworks */,
				3D27B547232201EF00B9F46D /* QuartzCore.framework in Frameworks */,
				3D27B545232201E500B9F46D /* OpenGLES.framework in Frameworks */,
				3D27B543232201DC00B9F46D /* MobileCoreServices.framework in Frameworks */,
				3D339412233B16160022EB38 /* CocoaAsyncSocket.framework in Frameworks */,
				3D27B53B232201B800B9F46D /* CoreGraphics.framework in Frameworks */,
				3D27B539232201B000B9F46D /* UIKit.framework in Frameworks */,
			);
			runOnlyForDeploymentPostprocessing = 0;
		};
/* End PBXFrameworksBuildPhase section */

/* Begin PBXGroup section */
		3D27B52F2322016400B9F46D /* Frameworks */ = {
			isa = PBXGroup;
			children = (
				3DA65190235D58A700EFC8EB /* Security.framework */,
				3DA6518E235D58A200EFC8EB /* CFNetwork.framework */,
				3D339411233B16160022EB38 /* CocoaAsyncSocket.framework */,
				3DEF3E692335E35400612376 /* libbz2.tbd */,
				3DEF3E672335E33700612376 /* libiconv.tbd */,
				3DEF3E652335E32500612376 /* libc++.1.tbd */,
				3DEF3E632335E31A00612376 /* libiconv.2.tbd */,
				3DEF3E612335E29200612376 /* CoreAudio.framework */,
				3DEF3E5F2335E22F00612376 /* MobileVLCKit.framework */,
				3D27B548232201F800B9F46D /* VideoToolbox.framework */,
				3D27B546232201EF00B9F46D /* QuartzCore.framework */,
				3D27B544232201E500B9F46D /* OpenGLES.framework */,
				3D27B542232201DC00B9F46D /* MobileCoreServices.framework */,
				3D27B540232201D300B9F46D /* MediaPlayer.framework */,
				3D27B53E232201CA00B9F46D /* CoreMedia.framework */,
				3D27B53C232201C100B9F46D /* AVFoundation.framework */,
				3D27B53A232201B800B9F46D /* CoreGraphics.framework */,
				3D27B538232201B000B9F46D /* UIKit.framework */,
				3D27B536232201A500B9F46D /* AudioToolbox.framework */,
				3D27B5342322019900B9F46D /* libz.tbd */,
				3D27B5322322019300B9F46D /* libc++.tbd */,
				3D96CCA1232FA91C003CB59F /* ReplayKit.framework */,
			);
			path = Frameworks;
			sourceTree = "<group>";
		};
		3D27B54A232206D600B9F46D /* Main */ = {
			isa = PBXGroup;
			children = (
				3D6573F62334777D008E4902 /* RotateNavigationController.h */,
				3D6573F72334777D008E4902 /* RotateNavigationController.m */,
				3D27B54C2322075A00B9F46D /* RootViewController.h */,
				3D27B54D2322075A00B9F46D /* RootViewController.m */,
				3DEF3E6B2335F93300612376 /* VLCMediaPlayerViewController.h */,
				3DEF3E6C2335F93300612376 /* VLCMediaPlayerViewController.m */,
				3DEF3E6D2335F93300612376 /* VLCMediaPlayerViewController.xib */,
				3DB91FD2232A3CC70095DA31 /* ScanViewController.h */,
				3DB91FD3232A3CC70095DA31 /* ScanViewController.m */,
				3D9DEFD92324B93200B652D6 /* DrawingViewController.h */,
				3D9DEFDA2324B93200B652D6 /* DrawingViewController.m */,
				3D9DEFDB2324B93200B652D6 /* DrawingViewController.xib */,
				3D3006FC232E12090058D230 /* ScreeningViewController.h */,
				3D3006FD232E12090058D230 /* ScreeningViewController.m */,
				3D3006FE232E12090058D230 /* ScreeningViewController.xib */,
				3DB444B4234F25EA006D0F32 /* ScreeningDetailViewController.h */,
				3DB444B5234F25EA006D0F32 /* ScreeningDetailViewController.m */,
				3DB444B6234F25EA006D0F32 /* ScreeningDetailViewController.xib */,
			);
			path = Main;
			sourceTree = "<group>";
		};
		3D27B54B2322072D00B9F46D /* Utils */ = {
			isa = PBXGroup;
			children = (
				3DBA5D8C24970E2A0077E48F /* SVProgressHUD */,
				3D339413233B19260022EB38 /* SocketManager */,
				3D6573FC23347ED9008E4902 /* UUWebView */,
				3D2AFC55232B7AB2006F0958 /* UUButton */,
				3DB91FD5232A3D110095DA31 /* CDZQRScanView */,
				3D9DEFDE2324F3D100B652D6 /* DrawingManagerView */,
				3D9DEFBF2324B52900B652D6 /* ACEDrawingView */,
				3DDF1EB3232384FD00B56FBA /* DragView */,
				3D300701232E176F0058D230 /* Utils.h */,
				3D300702232E176F0058D230 /* Utils.m */,
			);
			path = Utils;
			sourceTree = "<group>";
		};
		3D2AFC55232B7AB2006F0958 /* UUButton */ = {
			isa = PBXGroup;
			children = (
				3D2AFC56232B7AC9006F0958 /* UUButton.h */,
				3D2AFC57232B7AC9006F0958 /* UUButton.m */,
			);
			path = UUButton;
			sourceTree = "<group>";
		};
		3D339413233B19260022EB38 /* SocketManager */ = {
			isa = PBXGroup;
			children = (
				3D339414233B1BAE0022EB38 /* SocketManager.h */,
				3D339415233B1BAE0022EB38 /* SocketManager.m */,
				3D7FDC13233B7E65000295B8 /* UUCommStruct.h.h */,
				3D7FDC14233B7E65000295B8 /* UUCommStruct.cpp.m */,
			);
			path = SocketManager;
			sourceTree = "<group>";
		};
		3D6573FC23347ED9008E4902 /* UUWebView */ = {
			isa = PBXGroup;
			children = (
				3D6573FD23347EE5008E4902 /* UUWebView.h */,
				3D6573FE23347EE5008E4902 /* UUWebView.m */,
			);
			path = UUWebView;
			sourceTree = "<group>";
		};
		3D96CCA3232FA91C003CB59F /* intelligentclassSetup */ = {
			isa = PBXGroup;
			children = (
				3D96CCA4232FA91C003CB59F /* SampleHandler.h */,
				3D96CCA5232FA91C003CB59F /* SampleHandler.m */,
				3DEE106E2351DD7B00B2D0FB /* H264Encoder.h */,
				3DEE106F2351DD7B00B2D0FB /* H264Encoder.m */,
				3D96CCA7232FA91C003CB59F /* Info.plist */,
			);
			path = intelligentclassSetup;
			sourceTree = "<group>";
		};
		3D96CCAF232FA91C003CB59F /* intelligentclassSetupSetupUI */ = {
			isa = PBXGroup;
			children = (
				3D96CCB0232FA91C003CB59F /* BroadcastSetupViewController.h */,
				3D96CCB1232FA91C003CB59F /* BroadcastSetupViewController.m */,
				3D96CCB3232FA91C003CB59F /* Info.plist */,
			);
			path = intelligentclassSetupSetupUI;
			sourceTree = "<group>";
		};
		3D9DEFBF2324B52900B652D6 /* ACEDrawingView */ = {
			isa = PBXGroup;
			children = (
				3D9DEFC12324B52900B652D6 /* ACEDraggableText */,
				3D9DEFCC2324B52900B652D6 /* ACEDrawingToolState.h */,
				3D9DEFC82324B52900B652D6 /* ACEDrawingToolState.m */,
				3D9DEFCE2324B52900B652D6 /* ACEDrawingLabelView.h */,
				3D9DEFCA2324B52900B652D6 /* ACEDrawingLabelView.m */,
				3D9DEFC02324B52900B652D6 /* ACEDrawingTools.h */,
				3D9DEFCB2324B52900B652D6 /* ACEDrawingTools.m */,
				3D9DEFC92324B52900B652D6 /* ACEDrawingView.h */,
				3D9DEFCD2324B52900B652D6 /* ACEDrawingView.m */,
			);
			path = ACEDrawingView;
			sourceTree = "<group>";
		};
		3D9DEFC12324B52900B652D6 /* ACEDraggableText */ = {
			isa = PBXGroup;
			children = (
				3D9DEFC22324B52900B652D6 /* sticker_resize@2x.png */,
				3D9DEFC32324B52900B652D6 /* sticker_resize@3x.png */,
				3D9DEFC42324B52900B652D6 /* sticker_resize.png */,
				3D9DEFC52324B52900B652D6 /* sticker_close.png */,
				3D9DEFC62324B52900B652D6 /* sticker_close@3x.png */,
				3D9DEFC72324B52900B652D6 /* sticker_close@2x.png */,
			);
			path = ACEDraggableText;
			sourceTree = "<group>";
		};
		3D9DEFDE2324F3D100B652D6 /* DrawingManagerView */ = {
			isa = PBXGroup;
			children = (
				3D9DEFE82324F48E00B652D6 /* DrawingManagerView.h */,
				3D9DEFE72324F48E00B652D6 /* DrawingManagerView.m */,
				3D2AFC59232B978A006F0958 /* DarwingManagerItemView.h */,
				3D2AFC5A232B978A006F0958 /* DarwingManagerItemView.m */,
				3D2AFC5C232B97B7006F0958 /* DarwingManagerItemView.xib */,
			);
			path = DrawingManagerView;
			sourceTree = "<group>";
		};
		3DB91FCE232A33250095DA31 /* Extensions */ = {
			isa = PBXGroup;
			children = (
				3DB91FCF232A33510095DA31 /* UIImage+Extensions.h */,
				3DB91FD0232A33510095DA31 /* UIImage+Extensions.m */,
				3DB95ED6233C6ACB00DC8C34 /* MJExtension */,
			);
			path = Extensions;
			sourceTree = "<group>";
		};
		3DB91FD5232A3D110095DA31 /* CDZQRScanView */ = {
			isa = PBXGroup;
			children = (
				3DB91FD7232A3D110095DA31 /* CDZQRScanView.h */,
				3DB91FD6232A3D110095DA31 /* CDZQRScanView.m */,
			);
			path = CDZQRScanView;
			sourceTree = "<group>";
		};
		3DB95ED6233C6ACB00DC8C34 /* MJExtension */ = {
			isa = PBXGroup;
			children = (
				3DB95EE1233C6ACB00DC8C34 /* MJExtension.h */,
				3DB95EDC233C6ACB00DC8C34 /* MJExtensionConst.h */,
				3DB95EE2233C6ACB00DC8C34 /* MJExtensionConst.m */,
				3DB95EDF233C6ACB00DC8C34 /* MJFoundation.h */,
				3DB95EEB233C6ACB00DC8C34 /* MJFoundation.m */,
				3DB95EE8233C6ACB00DC8C34 /* MJProperty.h */,
				3DB95EDE233C6ACB00DC8C34 /* MJProperty.m */,
				3DB95ED7233C6ACB00DC8C34 /* MJPropertyKey.h */,
				3DB95EE7233C6ACB00DC8C34 /* MJPropertyKey.m */,
				3DB95ED8233C6ACB00DC8C34 /* NSObject+MJClass.h */,
				3DB95EE5233C6ACB00DC8C34 /* NSObject+MJClass.m */,
				3DB95ED9233C6ACB00DC8C34 /* NSString+MJExtension.h */,
				3DB95EE6233C6ACB00DC8C34 /* NSString+MJExtension.m */,
				3DB95EE4233C6ACB00DC8C34 /* MJPropertyType.h */,
				3DB95EDA233C6ACB00DC8C34 /* MJPropertyType.m */,
				3DB95EDB233C6ACB00DC8C34 /* NSObject+MJProperty.h */,
				3DB95EE3233C6ACB00DC8C34 /* NSObject+MJProperty.m */,
				3DB95EEA233C6ACB00DC8C34 /* NSObject+MJCoding.h */,
				3DB95EE0233C6ACB00DC8C34 /* NSObject+MJCoding.m */,
				3DB95EE9233C6ACB00DC8C34 /* NSObject+MJKeyValue.h */,
				3DB95EDD233C6ACB00DC8C34 /* NSObject+MJKeyValue.m */,
			);
			path = MJExtension;
			sourceTree = "<group>";
		};
		3DBA5D8C24970E2A0077E48F /* SVProgressHUD */ = {
			isa = PBXGroup;
			children = (
				3DBA5D8D24970E2A0077E48F /* SVIndefiniteAnimatedView.h */,
				3DBA5D8E24970E2A0077E48F /* SVIndefiniteAnimatedView.m */,
				3DBA5D8F24970E2A0077E48F /* SVProgressHUD.bundle */,
				3DBA5D9024970E2A0077E48F /* SVProgressHUD.h */,
				3DBA5D9124970E2A0077E48F /* SVProgressHUD.m */,
			);
			path = SVProgressHUD;
			sourceTree = "<group>";
		};
		3DDF1EB3232384FD00B56FBA /* DragView */ = {
			isa = PBXGroup;
			children = (
				3DDF1EB5232384FD00B56FBA /* WMDragView.h */,
				3DDF1EB4232384FD00B56FBA /* WMDragView.m */,
			);
			path = DragView;
			sourceTree = "<group>";
		};
		3DEBFFE2232121F300110D0B = {
			isa = PBXGroup;
			children = (
				3DEE10672351C87500B2D0FB /* slience.mp3 */,
				3DEB008F2321285A00110D0B /* dist */,
				3DB91FCE232A33250095DA31 /* Extensions */,
				3D27B54B2322072D00B9F46D /* Utils */,
				3D27B54A232206D600B9F46D /* Main */,
				3DEBFFED232121F300110D0B /* intelligentclass */,
				3D96CCA3232FA91C003CB59F /* intelligentclassSetup */,
				3D96CCAF232FA91C003CB59F /* intelligentclassSetupSetupUI */,
				3D27B52F2322016400B9F46D /* Frameworks */,
				3DEBFFEC232121F300110D0B /* Products */,
			);
			sourceTree = "<group>";
		};
		3DEBFFEC232121F300110D0B /* Products */ = {
			isa = PBXGroup;
			children = (
				3DEBFFEB232121F300110D0B /* intelligentclass.app */,
				3D96CCA0232FA91C003CB59F /* intelligentclassSetup.appex */,
				3D96CCAC232FA91C003CB59F /* intelligentclassSetupSetupUI.appex */,
			);
			name = Products;
			sourceTree = "<group>";
		};
		3DEBFFED232121F300110D0B /* intelligentclass */ = {
			isa = PBXGroup;
			children = (
				3DEBFFEE232121F300110D0B /* AppDelegate.h */,
				3DEBFFEF232121F300110D0B /* AppDelegate.m */,
				3DEBFFF4232121F300110D0B /* Main.storyboard */,
				3DEBFFF7232121F500110D0B /* Assets.xcassets */,
				3DEBFFF9232121F500110D0B /* LaunchScreen.storyboard */,
				3DEBFFFC232121F500110D0B /* Info.plist */,
				3DEBFFFD232121F500110D0B /* main.m */,
			);
			path = intelligentclass;
			sourceTree = "<group>";
		};
/* End PBXGroup section */

/* Begin PBXNativeTarget section */
		3D96CC9F232FA91C003CB59F /* intelligentclassSetup */ = {
			isa = PBXNativeTarget;
			buildConfigurationList = 3D96CCBF232FA91C003CB59F /* Build configuration list for PBXNativeTarget "intelligentclassSetup" */;
			buildPhases = (
				3D96CC9C232FA91C003CB59F /* Sources */,
				3D96CC9D232FA91C003CB59F /* Frameworks */,
				3D96CC9E232FA91C003CB59F /* Resources */,
			);
			buildRules = (
			);
			dependencies = (
			);
			name = intelligentclassSetup;
			productName = intelligentclassSetup;
			productReference = 3D96CCA0232FA91C003CB59F /* intelligentclassSetup.appex */;
			productType = "com.apple.product-type.app-extension";
		};
		3D96CCAB232FA91C003CB59F /* intelligentclassSetupSetupUI */ = {
			isa = PBXNativeTarget;
			buildConfigurationList = 3D96CCBE232FA91C003CB59F /* Build configuration list for PBXNativeTarget "intelligentclassSetupSetupUI" */;
			buildPhases = (
				3D96CCA8232FA91C003CB59F /* Sources */,
				3D96CCA9232FA91C003CB59F /* Frameworks */,
				3D96CCAA232FA91C003CB59F /* Resources */,
			);
			buildRules = (
			);
			dependencies = (
			);
			name = intelligentclassSetupSetupUI;
			productName = intelligentclassSetupSetupUI;
			productReference = 3D96CCAC232FA91C003CB59F /* intelligentclassSetupSetupUI.appex */;
			productType = "com.apple.product-type.app-extension";
		};
		3DEBFFEA232121F300110D0B /* intelligentclass */ = {
			isa = PBXNativeTarget;
			buildConfigurationList = 3DEB0001232121F500110D0B /* Build configuration list for PBXNativeTarget "intelligentclass" */;
			buildPhases = (
				3DEBFFE7232121F300110D0B /* Sources */,
				3DEBFFE8232121F300110D0B /* Frameworks */,
				3DEBFFE9232121F300110D0B /* Resources */,
				3D96CCC0232FA91C003CB59F /* Embed App Extensions */,
				3D7FDC12233B5324000295B8 /* Embed Frameworks */,
			);
			buildRules = (
			);
			dependencies = (
				3D96CCB5232FA91C003CB59F /* PBXTargetDependency */,
				3D96CCB8232FA91C003CB59F /* PBXTargetDependency */,
			);
			name = intelligentclass;
			productName = intelligentclass;
			productReference = 3DEBFFEB232121F300110D0B /* intelligentclass.app */;
			productType = "com.apple.product-type.application";
		};
/* End PBXNativeTarget section */

/* Begin PBXProject section */
		3DEBFFE3232121F300110D0B /* Project object */ = {
			isa = PBXProject;
			attributes = {
				LastUpgradeCheck = 1030;
				ORGANIZATIONNAME = RexLiu;
				TargetAttributes = {
					3D96CC9F232FA91C003CB59F = {
						CreatedOnToolsVersion = 10.3;
					};
					3D96CCAB232FA91C003CB59F = {
						CreatedOnToolsVersion = 10.3;
					};
					3DEBFFEA232121F300110D0B = {
						CreatedOnToolsVersion = 10.3;
						SystemCapabilities = {
							com.apple.BackgroundModes = {
								enabled = 1;
							};
						};
					};
				};
			};
			buildConfigurationList = 3DEBFFE6232121F300110D0B /* Build configuration list for PBXProject "intelligentclass" */;
			compatibilityVersion = "Xcode 9.3";
			developmentRegion = en;
			hasScannedForEncodings = 0;
			knownRegions = (
				en,
				Base,
			);
			mainGroup = 3DEBFFE2232121F300110D0B;
			productRefGroup = 3DEBFFEC232121F300110D0B /* Products */;
			projectDirPath = "";
			projectRoot = "";
			targets = (
				3DEBFFEA232121F300110D0B /* intelligentclass */,
				3D96CC9F232FA91C003CB59F /* intelligentclassSetup */,
				3D96CCAB232FA91C003CB59F /* intelligentclassSetupSetupUI */,
			);
		};
/* End PBXProject section */

/* Begin PBXResourcesBuildPhase section */
		3D96CC9E232FA91C003CB59F /* Resources */ = {
			isa = PBXResourcesBuildPhase;
			buildActionMask = 2147483647;
			files = (
			);
			runOnlyForDeploymentPostprocessing = 0;
		};
		3D96CCAA232FA91C003CB59F /* Resources */ = {
			isa = PBXResourcesBuildPhase;
			buildActionMask = 2147483647;
			files = (
			);
			runOnlyForDeploymentPostprocessing = 0;
		};
		3DEBFFE9232121F300110D0B /* Resources */ = {
			isa = PBXResourcesBuildPhase;
			buildActionMask = 2147483647;
			files = (
				3D9DEFCF2324B52900B652D6 /* sticker_resize@2x.png in Resources */,
				3D9DEFD32324B52900B652D6 /* sticker_close@3x.png in Resources */,
				3DBA5D9324970E2A0077E48F /* SVProgressHUD.bundle in Resources */,
				3D300700232E12090058D230 /* ScreeningViewController.xib in Resources */,
				3DEB00902321285A00110D0B /* dist in Resources */,
				3D9DEFDD2324B93200B652D6 /* DrawingViewController.xib in Resources */,
				3D9DEFD42324B52900B652D6 /* sticker_close@2x.png in Resources */,
				3DEBFFFB232121F500110D0B /* LaunchScreen.storyboard in Resources */,
				3D9DEFD12324B52900B652D6 /* sticker_resize.png in Resources */,
				3D9DEFD02324B52900B652D6 /* sticker_resize@3x.png in Resources */,
				3DEBFFF8232121F500110D0B /* Assets.xcassets in Resources */,
				3D2AFC5D232B97B7006F0958 /* DarwingManagerItemView.xib in Resources */,
				3D9DEFD22324B52900B652D6 /* sticker_close.png in Resources */,
				3DEE10682351C87500B2D0FB /* slience.mp3 in Resources */,
				3DB444B8234F25EA006D0F32 /* ScreeningDetailViewController.xib in Resources */,
				3DEF3E6F2335F93300612376 /* VLCMediaPlayerViewController.xib in Resources */,
				3DEBFFF6232121F300110D0B /* Main.storyboard in Resources */,
			);
			runOnlyForDeploymentPostprocessing = 0;
		};
/* End PBXResourcesBuildPhase section */

/* Begin PBXSourcesBuildPhase section */
		3D96CC9C232FA91C003CB59F /* Sources */ = {
			isa = PBXSourcesBuildPhase;
			buildActionMask = 2147483647;
			files = (
				3DEE10702351DD7B00B2D0FB /* H264Encoder.m in Sources */,
				3D96CCA6232FA91C003CB59F /* SampleHandler.m in Sources */,
			);
			runOnlyForDeploymentPostprocessing = 0;
		};
		3D96CCA8232FA91C003CB59F /* Sources */ = {
			isa = PBXSourcesBuildPhase;
			buildActionMask = 2147483647;
			files = (
				3D96CCB2232FA91C003CB59F /* BroadcastSetupViewController.m in Sources */,
			);
			runOnlyForDeploymentPostprocessing = 0;
		};
		3DEBFFE7232121F300110D0B /* Sources */ = {
			isa = PBXSourcesBuildPhase;
			buildActionMask = 2147483647;
			files = (
				3D9DEFD62324B52900B652D6 /* ACEDrawingLabelView.m in Sources */,
				3DB444B7234F25EA006D0F32 /* ScreeningDetailViewController.m in Sources */,
				3DB95EF2233C6ACC00DC8C34 /* NSObject+MJClass.m in Sources */,
				3D2AFC58232B7AC9006F0958 /* UUButton.m in Sources */,
				3DEBFFFE232121F500110D0B /* main.m in Sources */,
				3D9DEFD72324B52900B652D6 /* ACEDrawingTools.m in Sources */,
				3DEF3E6E2335F93300612376 /* VLCMediaPlayerViewController.m in Sources */,
				3D2AFC5B232B978A006F0958 /* DarwingManagerItemView.m in Sources */,
				3D7FDC15233B7E65000295B8 /* UUCommStruct.cpp.m in Sources */,
				3DB95EF3233C6ACC00DC8C34 /* NSString+MJExtension.m in Sources */,
				3D6573FF23347EE5008E4902 /* UUWebView.m in Sources */,
				3DB95EF4233C6ACC00DC8C34 /* MJPropertyKey.m in Sources */,
				3D339416233B1BAE0022EB38 /* SocketManager.m in Sources */,
				3D6573F82334777D008E4902 /* RotateNavigationController.m in Sources */,
				3DB95EF0233C6ACC00DC8C34 /* MJExtensionConst.m in Sources */,
				3D27B54E2322075A00B9F46D /* RootViewController.m in Sources */,
				3DB91FD4232A3CC70095DA31 /* ScanViewController.m in Sources */,
				3DBA5D9424970E2A0077E48F /* SVProgressHUD.m in Sources */,
				3D9DEFDC2324B93200B652D6 /* DrawingViewController.m in Sources */,
				3D3006FF232E12090058D230 /* ScreeningViewController.m in Sources */,
				3D300703232E176F0058D230 /* Utils.m in Sources */,
				3DB91FD8232A3D110095DA31 /* CDZQRScanView.m in Sources */,
				3DB95EED233C6ACC00DC8C34 /* NSObject+MJKeyValue.m in Sources */,
				3D9DEFE92324F48E00B652D6 /* DrawingManagerView.m in Sources */,
				3DBA5D9224970E2A0077E48F /* SVIndefiniteAnimatedView.m in Sources */,
				3DDF1EB6232384FD00B56FBA /* WMDragView.m in Sources */,
				3DB95EF5233C6ACC00DC8C34 /* MJFoundation.m in Sources */,
				3DB91FD1232A33510095DA31 /* UIImage+Extensions.m in Sources */,
				3DB95EEF233C6ACC00DC8C34 /* NSObject+MJCoding.m in Sources */,
				3D9DEFD52324B52900B652D6 /* ACEDrawingToolState.m in Sources */,
				3DB95EF1233C6ACC00DC8C34 /* NSObject+MJProperty.m in Sources */,
				3D9DEFD82324B52900B652D6 /* ACEDrawingView.m in Sources */,
				3DB95EEC233C6ACC00DC8C34 /* MJPropertyType.m in Sources */,
				3DB95EEE233C6ACC00DC8C34 /* MJProperty.m in Sources */,
				3DEBFFF0232121F300110D0B /* AppDelegate.m in Sources */,
			);
			runOnlyForDeploymentPostprocessing = 0;
		};
/* End PBXSourcesBuildPhase section */

/* Begin PBXTargetDependency section */
		3D96CCB5232FA91C003CB59F /* PBXTargetDependency */ = {
			isa = PBXTargetDependency;
			target = 3D96CCAB232FA91C003CB59F /* intelligentclassSetupSetupUI */;
			targetProxy = 3D96CCB4232FA91C003CB59F /* PBXContainerItemProxy */;
		};
		3D96CCB8232FA91C003CB59F /* PBXTargetDependency */ = {
			isa = PBXTargetDependency;
			target = 3D96CC9F232FA91C003CB59F /* intelligentclassSetup */;
			targetProxy = 3D96CCB7232FA91C003CB59F /* PBXContainerItemProxy */;
		};
/* End PBXTargetDependency section */

/* Begin PBXVariantGroup section */
		3DEBFFF4232121F300110D0B /* Main.storyboard */ = {
			isa = PBXVariantGroup;
			children = (
				3DEBFFF5232121F300110D0B /* Base */,
			);
			name = Main.storyboard;
			sourceTree = "<group>";
		};
		3DEBFFF9232121F500110D0B /* LaunchScreen.storyboard */ = {
			isa = PBXVariantGroup;
			children = (
				3DEBFFFA232121F500110D0B /* Base */,
			);
			name = LaunchScreen.storyboard;
			sourceTree = "<group>";
		};
/* End PBXVariantGroup section */

/* Begin XCBuildConfiguration section */
		3D96CCBA232FA91C003CB59F /* Debug */ = {
			isa = XCBuildConfiguration;
			buildSettings = {
				CODE_SIGN_STYLE = Automatic;
				DEVELOPMENT_TEAM = SC5RMQ62UW;
				ENABLE_BITCODE = NO;
				FRAMEWORK_SEARCH_PATHS = (
					"$(inherited)",
					"$(PROJECT_DIR)/Frameworks",
				);
				INFOPLIST_FILE = intelligentclassSetup/Info.plist;
				IPHONEOS_DEPLOYMENT_TARGET = 11.0;
				LD_RUNPATH_SEARCH_PATHS = (
					"$(inherited)",
					"@executable_path/Frameworks",
					"@executable_path/../../Frameworks",
				);
				PRODUCT_BUNDLE_IDENTIFIER = com.ruihe.student.upload;
				PRODUCT_NAME = "$(TARGET_NAME)";
				SKIP_INSTALL = YES;
				TARGETED_DEVICE_FAMILY = 1;
			};
			name = Debug;
		};
		3D96CCBB232FA91C003CB59F /* Release */ = {
			isa = XCBuildConfiguration;
			buildSettings = {
				CODE_SIGN_STYLE = Automatic;
				DEVELOPMENT_TEAM = SC5RMQ62UW;
				ENABLE_BITCODE = NO;
				FRAMEWORK_SEARCH_PATHS = (
					"$(inherited)",
					"$(PROJECT_DIR)/Frameworks",
				);
				INFOPLIST_FILE = intelligentclassSetup/Info.plist;
				IPHONEOS_DEPLOYMENT_TARGET = 11.0;
				LD_RUNPATH_SEARCH_PATHS = (
					"$(inherited)",
					"@executable_path/Frameworks",
					"@executable_path/../../Frameworks",
				);
				PRODUCT_BUNDLE_IDENTIFIER = com.ruihe.student.upload;
				PRODUCT_NAME = "$(TARGET_NAME)";
				SKIP_INSTALL = YES;
				TARGETED_DEVICE_FAMILY = 1;
			};
			name = Release;
		};
		3D96CCBC232FA91C003CB59F /* Debug */ = {
			isa = XCBuildConfiguration;
			buildSettings = {
				CODE_SIGN_STYLE = Automatic;
				DEVELOPMENT_TEAM = SC5RMQ62UW;
				INFOPLIST_FILE = intelligentclassSetupSetupUI/Info.plist;
				IPHONEOS_DEPLOYMENT_TARGET = 11.0;
				LD_RUNPATH_SEARCH_PATHS = (
					"$(inherited)",
					"@executable_path/Frameworks",
					"@executable_path/../../Frameworks",
				);
				PRODUCT_BUNDLE_IDENTIFIER = com.ruihe.student.SetupUI;
				PRODUCT_NAME = "$(TARGET_NAME)";
				SKIP_INSTALL = YES;
				TARGETED_DEVICE_FAMILY = "1,2";
			};
			name = Debug;
		};
		3D96CCBD232FA91C003CB59F /* Release */ = {
			isa = XCBuildConfiguration;
			buildSettings = {
				CODE_SIGN_STYLE = Automatic;
				DEVELOPMENT_TEAM = SC5RMQ62UW;
				INFOPLIST_FILE = intelligentclassSetupSetupUI/Info.plist;
				IPHONEOS_DEPLOYMENT_TARGET = 11.0;
				LD_RUNPATH_SEARCH_PATHS = (
					"$(inherited)",
					"@executable_path/Frameworks",
					"@executable_path/../../Frameworks",
				);
				PRODUCT_BUNDLE_IDENTIFIER = com.ruihe.student.SetupUI;
				PRODUCT_NAME = "$(TARGET_NAME)";
				SKIP_INSTALL = YES;
				TARGETED_DEVICE_FAMILY = "1,2";
			};
			name = Release;
		};
		3DEB0000232121F500110D0B /* Release */ = {
			isa = XCBuildConfiguration;
			buildSettings = {
				ALWAYS_SEARCH_USER_PATHS = NO;
				CLANG_ANALYZER_NONNULL = YES;
				CLANG_ANALYZER_NUMBER_OBJECT_CONVERSION = YES_AGGRESSIVE;
				CLANG_CXX_LANGUAGE_STANDARD = "gnu++14";
				CLANG_CXX_LIBRARY = "libc++";
				CLANG_ENABLE_MODULES = YES;
				CLANG_ENABLE_OBJC_ARC = YES;
				CLANG_ENABLE_OBJC_WEAK = YES;
				CLANG_WARN_BLOCK_CAPTURE_AUTORELEASING = YES;
				CLANG_WARN_BOOL_CONVERSION = YES;
				CLANG_WARN_COMMA = YES;
				CLANG_WARN_CONSTANT_CONVERSION = YES;
				CLANG_WARN_DEPRECATED_OBJC_IMPLEMENTATIONS = YES;
				CLANG_WARN_DIRECT_OBJC_ISA_USAGE = YES_ERROR;
				CLANG_WARN_DOCUMENTATION_COMMENTS = YES;
				CLANG_WARN_EMPTY_BODY = YES;
				CLANG_WARN_ENUM_CONVERSION = YES;
				CLANG_WARN_INFINITE_RECURSION = YES;
				CLANG_WARN_INT_CONVERSION = YES;
				CLANG_WARN_NON_LITERAL_NULL_CONVERSION = YES;
				CLANG_WARN_OBJC_IMPLICIT_RETAIN_SELF = YES;
				CLANG_WARN_OBJC_LITERAL_CONVERSION = YES;
				CLANG_WARN_OBJC_ROOT_CLASS = YES_ERROR;
				CLANG_WARN_RANGE_LOOP_ANALYSIS = YES;
				CLANG_WARN_STRICT_PROTOTYPES = YES;
				CLANG_WARN_SUSPICIOUS_MOVE = YES;
				CLANG_WARN_UNGUARDED_AVAILABILITY = YES_AGGRESSIVE;
				CLANG_WARN_UNREACHABLE_CODE = YES;
				CLANG_WARN__DUPLICATE_METHOD_MATCH = YES;
				CODE_SIGN_IDENTITY = "iPhone Developer";
				COPY_PHASE_STRIP = NO;
				DEBUG_INFORMATION_FORMAT = "dwarf-with-dsym";
				ENABLE_NS_ASSERTIONS = NO;
				ENABLE_STRICT_OBJC_MSGSEND = YES;
				GCC_C_LANGUAGE_STANDARD = gnu11;
				GCC_NO_COMMON_BLOCKS = YES;
				GCC_WARN_64_TO_32_BIT_CONVERSION = YES;
				GCC_WARN_ABOUT_RETURN_TYPE = YES_ERROR;
				GCC_WARN_UNDECLARED_SELECTOR = YES;
				GCC_WARN_UNINITIALIZED_AUTOS = YES_AGGRESSIVE;
				GCC_WARN_UNUSED_FUNCTION = YES;
				GCC_WARN_UNUSED_VARIABLE = YES;
				IPHONEOS_DEPLOYMENT_TARGET = 12.4;
				MTL_ENABLE_DEBUG_INFO = NO;
				MTL_FAST_MATH = YES;
				SDKROOT = iphoneos;
				VALIDATE_PRODUCT = YES;
			};
			name = Release;
		};
		3DEB0002232121F500110D0B /* Debug */ = {
			isa = XCBuildConfiguration;
			buildSettings = {
				ASSETCATALOG_COMPILER_APPICON_NAME = AppIcon;
				CODE_SIGN_IDENTITY = "iPhone Developer";
				CODE_SIGN_STYLE = Automatic;
				DEVELOPMENT_TEAM = SC5RMQ62UW;
				ENABLE_BITCODE = NO;
				FRAMEWORK_SEARCH_PATHS = (
					"$(inherited)",
					"$(PROJECT_DIR)/Frameworks",
				);
				INFOPLIST_FILE = intelligentclass/Info.plist;
				IPHONEOS_DEPLOYMENT_TARGET = 12.0;
				LD_RUNPATH_SEARCH_PATHS = (
					"$(inherited)",
					"@executable_path/Frameworks",
				);
				PRODUCT_BUNDLE_IDENTIFIER = com.ruihe.student;
				PRODUCT_NAME = "$(TARGET_NAME)";
				PROVISIONING_PROFILE_SPECIFIER = "";
				TARGETED_DEVICE_FAMILY = "1,2";
			};
			name = Debug;
		};
		3DEB0003232121F500110D0B /* Release */ = {
			isa = XCBuildConfiguration;
			buildSettings = {
				ASSETCATALOG_COMPILER_APPICON_NAME = AppIcon;
				CODE_SIGN_IDENTITY = "iPhone Developer";
				CODE_SIGN_STYLE = Automatic;
				DEVELOPMENT_TEAM = SC5RMQ62UW;
				ENABLE_BITCODE = NO;
				FRAMEWORK_SEARCH_PATHS = (
					"$(inherited)",
					"$(PROJECT_DIR)/Frameworks",
				);
				INFOPLIST_FILE = intelligentclass/Info.plist;
				IPHONEOS_DEPLOYMENT_TARGET = 12.0;
				LD_RUNPATH_SEARCH_PATHS = (
					"$(inherited)",
					"@executable_path/Frameworks",
				);
				PRODUCT_BUNDLE_IDENTIFIER = com.ruihe.student;
				PRODUCT_NAME = "$(TARGET_NAME)";
				PROVISIONING_PROFILE_SPECIFIER = "";
				TARGETED_DEVICE_FAMILY = "1,2";
			};
			name = Release;
		};
		3DEBFFFF232121F500110D0B /* Debug */ = {
			isa = XCBuildConfiguration;
			buildSettings = {
				ALWAYS_SEARCH_USER_PATHS = NO;
				CLANG_ANALYZER_NONNULL = YES;
				CLANG_ANALYZER_NUMBER_OBJECT_CONVERSION = YES_AGGRESSIVE;
				CLANG_CXX_LANGUAGE_STANDARD = "gnu++14";
				CLANG_CXX_LIBRARY = "libc++";
				CLANG_ENABLE_MODULES = YES;
				CLANG_ENABLE_OBJC_ARC = YES;
				CLANG_ENABLE_OBJC_WEAK = YES;
				CLANG_WARN_BLOCK_CAPTURE_AUTORELEASING = YES;
				CLANG_WARN_BOOL_CONVERSION = YES;
				CLANG_WARN_COMMA = YES;
				CLANG_WARN_CONSTANT_CONVERSION = YES;
				CLANG_WARN_DEPRECATED_OBJC_IMPLEMENTATIONS = YES;
				CLANG_WARN_DIRECT_OBJC_ISA_USAGE = YES_ERROR;
				CLANG_WARN_DOCUMENTATION_COMMENTS = YES;
				CLANG_WARN_EMPTY_BODY = YES;
				CLANG_WARN_ENUM_CONVERSION = YES;
				CLANG_WARN_INFINITE_RECURSION = YES;
				CLANG_WARN_INT_CONVERSION = YES;
				CLANG_WARN_NON_LITERAL_NULL_CONVERSION = YES;
				CLANG_WARN_OBJC_IMPLICIT_RETAIN_SELF = YES;
				CLANG_WARN_OBJC_LITERAL_CONVERSION = YES;
				CLANG_WARN_OBJC_ROOT_CLASS = YES_ERROR;
				CLANG_WARN_RANGE_LOOP_ANALYSIS = YES;
				CLANG_WARN_STRICT_PROTOTYPES = YES;
				CLANG_WARN_SUSPICIOUS_MOVE = YES;
				CLANG_WARN_UNGUARDED_AVAILABILITY = YES_AGGRESSIVE;
				CLANG_WARN_UNREACHABLE_CODE = YES;
				CLANG_WARN__DUPLICATE_METHOD_MATCH = YES;
				CODE_SIGN_IDENTITY = "iPhone Developer";
				COPY_PHASE_STRIP = NO;
				DEBUG_INFORMATION_FORMAT = dwarf;
				ENABLE_STRICT_OBJC_MSGSEND = YES;
				ENABLE_TESTABILITY = YES;
				GCC_C_LANGUAGE_STANDARD = gnu11;
				GCC_DYNAMIC_NO_PIC = NO;
				GCC_NO_COMMON_BLOCKS = YES;
				GCC_OPTIMIZATION_LEVEL = 0;
				GCC_PREPROCESSOR_DEFINITIONS = (
					"DEBUG=1",
					"$(inherited)",
				);
				GCC_WARN_64_TO_32_BIT_CONVERSION = YES;
				GCC_WARN_ABOUT_RETURN_TYPE = YES_ERROR;
				GCC_WARN_UNDECLARED_SELECTOR = YES;
				GCC_WARN_UNINITIALIZED_AUTOS = YES_AGGRESSIVE;
				GCC_WARN_UNUSED_FUNCTION = YES;
				GCC_WARN_UNUSED_VARIABLE = YES;
				IPHONEOS_DEPLOYMENT_TARGET = 12.4;
				MTL_ENABLE_DEBUG_INFO = INCLUDE_SOURCE;
				MTL_FAST_MATH = YES;
				ONLY_ACTIVE_ARCH = YES;
				SDKROOT = iphoneos;
			};
			name = Debug;
		};
/* End XCBuildConfiguration section */

/* Begin XCConfigurationList section */
		3D96CCBE232FA91C003CB59F /* Build configuration list for PBXNativeTarget "intelligentclassSetupSetupUI" */ = {
			isa = XCConfigurationList;
			buildConfigurations = (
				3D96CCBC232FA91C003CB59F /* Debug */,
				3D96CCBD232FA91C003CB59F /* Release */,
			);
			defaultConfigurationIsVisible = 0;
			defaultConfigurationName = Release;
		};
		3D96CCBF232FA91C003CB59F /* Build configuration list for PBXNativeTarget "intelligentclassSetup" */ = {
			isa = XCConfigurationList;
			buildConfigurations = (
				3D96CCBA232FA91C003CB59F /* Debug */,
				3D96CCBB232FA91C003CB59F /* Release */,
			);
			defaultConfigurationIsVisible = 0;
			defaultConfigurationName = Release;
		};
		3DEB0001232121F500110D0B /* Build configuration list for PBXNativeTarget "intelligentclass" */ = {
			isa = XCConfigurationList;
			buildConfigurations = (
				3DEB0002232121F500110D0B /* Debug */,
				3DEB0003232121F500110D0B /* Release */,
			);
			defaultConfigurationIsVisible = 0;
			defaultConfigurationName = Release;
		};
		3DEBFFE6232121F300110D0B /* Build configuration list for PBXProject "intelligentclass" */ = {
			isa = XCConfigurationList;
			buildConfigurations = (
				3DEBFFFF232121F500110D0B /* Debug */,
				3DEB0000232121F500110D0B /* Release */,
			);
			defaultConfigurationIsVisible = 0;
			defaultConfigurationName = Release;
		};
/* End XCConfigurationList section */
	};
	rootObject = 3DEBFFE3232121F300110D0B /* Project object */;
}
